
Microsoft Visual Studio Solution File, Format Version 12.00
# Visual Studio Version 17
VisualStudioVersion = 17.4.33213.308
MinimumVisualStudioVersion = 10.0.40219.1
Project("{FAE04EC0-301F-11D3-BF4B-00C04F79EFBC}") = "Grocery.Soti.Project.WebAPI", "Grocery.Soti.Project.WebAPI\Grocery.Soti.Project.WebAPI.csproj", "{59E30AFD-0EEE-4070-B79A-B8C376C0B9C8}"
EndProject
Project("{FAE04EC0-301F-11D3-BF4B-00C04F79EFBC}") = "Grocery.Soti.Project.DAL", "Grocery.Soti.Project.DAL\Grocery.Soti.Project.DAL.csproj", "{41169E90-9ADF-4CB3-A610-726A5767ED3A}"
EndProject
Global
	GlobalSection(SolutionConfigurationPlatforms) = preSolution
		Debug|Any CPU = Debug|Any CPU
		Release|Any CPU = Release|Any CPU
	EndGlobalSection
	GlobalSection(ProjectConfigurationPlatforms) = postSolution
		{59E30AFD-0EEE-4070-B79A-B8C376C0B9C8}.Debug|Any CPU.ActiveCfg = Debug|Any CPU
		{59E30AFD-0EEE-4070-B79A-B8C376C0B9C8}.Debug|Any CPU.Build.0 = Debug|Any CPU
		{59E30AFD-0EEE-4070-B79A-B8C376C0B9C8}.Release|Any CPU.ActiveCfg = Release|Any CPU
		{59E30AFD-0EEE-4070-B79A-B8C376C0B9C8}.Release|Any CPU.Build.0 = Release|Any CPU
		{41169E90-9ADF-4CB3-A610-726A5767ED3A}.Debug|Any CPU.ActiveCfg = Debug|Any CPU
		{41169E90-9ADF-4CB3-A610-726A5767ED3A}.Debug|Any CPU.Build.0 = Debug|Any CPU
		{41169E90-9ADF-4CB3-A610-726A5767ED3A}.Release|Any CPU.ActiveCfg = Release|Any CPU
		{41169E90-9ADF-4CB3-A610-726A5767ED3A}.Release|Any CPU.Build.0 = Release|Any CPU
	EndGlobalSection
	GlobalSection(SolutionProperties) = preSolution
		HideSolutionNode = FALSE
	EndGlobalSection
	GlobalSection(ExtensibilityGlobals) = postSolution
		SolutionGuid = {2A240610-3D89-4416-859F-2AA9BFE8A5EE}
	EndGlobalSection
EndGlobal
